<?xml version="1.0" encoding="utf-8"?>
<Project ToolsVersion="4.0" xmlns="http://schemas.microsoft.com/developer/msbuild/2003">
  <ItemGroup>
    <Filter Include="Source Files">
      <UniqueIdentifier>{d6860391-0a15-47d3-a34f-d152df074eb9}</UniqueIdentifier>
      <Extensions>cpp;c;cxx;rc;def;r;odl;idl;hpj;bat</Extensions>
    </Filter>
    <Filter Include="Header Files">
      <UniqueIdentifier>{4c4464fe-341a-4ebb-b762-3d8a0d67be9e}</UniqueIdentifier>
      <Extensions>h;hpp;hxx;hm;inl</Extensions>
    </Filter>
    <Filter Include="Resource Files">
      <UniqueIdentifier>{ecccd5f0-05ac-4a1f-ba5f-1303864f1ceb}</UniqueIdentifier>
      <Extensions>ico;cur;bmp;dlg;rc2;rct;bin;rgs;gif;jpg;jpeg;jpe</Extensions>
    </Filter>
  </ItemGroup>
  <ItemGroup>
    <ClCompile Include="Aglient8164VOA.cpp">
      <Filter>Source Files</Filter>
    </ClCompile>
    <ClCompile Include="AQ2200_311A.cpp">
      <Filter>Source Files</Filter>
    </ClCompile>
    <ClCompile Include="AQ3150.cpp">
      <Filter>Source Files</Filter>
    </ClCompile>
    <ClCompile Include="Hp8156A.cpp">
      <Filter>Source Files</Filter>
    </ClCompile>
    <ClCompile Include="OplkDulVOA .cpp">
      <Filter>Source Files</Filter>
    </ClCompile>
    <ClCompile Include="OplkMEMSVOA.cpp">
      <Filter>Source Files</Filter>
    </ClCompile>
    <ClCompile Include="OplkR153SVOA.cpp">
      <Filter>Source Files</Filter>
    </ClCompile>
    <ClCompile Include="SantecTLSVOA.cpp">
      <Filter>Source Files</Filter>
    </ClCompile>
    <ClCompile Include="StdAfx.cpp">
      <Filter>Source Files</Filter>
    </ClCompile>
    <ClCompile Include="VOAControl.cpp">
      <Filter>Source Files</Filter>
    </ClCompile>
    <ClCompile Include="VOAControlDll.cpp">
      <Filter>Source Files</Filter>
    </ClCompile>
  </ItemGroup>
  <ItemGroup>
    <ClInclude Include="StdAfx.h">
      <Filter>Header Files</Filter>
    </ClInclude>
    <ClInclude Include="..\include\VOA.h">
      <Filter>Header Files</Filter>
    </ClInclude>
    <ClInclude Include="..\include\VOAControlDll.h">
      <Filter>Header Files</Filter>
    </ClInclude>
  </ItemGroup>
  <ItemGroup>
    <ResourceCompile Include="VOAControlDll.rc">
      <Filter>Resource Files</Filter>
    </ResourceCompile>
  </ItemGroup>
  <ItemGroup>
    <Text Include="ReadMe.txt" />
    <Text Include="VOAControlDllVersionList.txt" />
  </ItemGroup>
</Project>