<?xml version="1.0" encoding="utf-8"?>
<Project ToolsVersion="4.0" xmlns="http://schemas.microsoft.com/developer/msbuild/2003">
  <ItemGroup>
    <Filter Include="Source Files">
      <UniqueIdentifier>{8ade4157-4670-473b-afa7-fa146287d4c8}</UniqueIdentifier>
      <Extensions>cpp;c;cxx;rc;def;r;odl;idl;hpj;bat</Extensions>
    </Filter>
    <Filter Include="Header Files">
      <UniqueIdentifier>{28d4a17f-04ff-4b13-a276-0f2a24852fd3}</UniqueIdentifier>
      <Extensions>h;hpp;hxx;hm;inl</Extensions>
    </Filter>
    <Filter Include="Resource Files">
      <UniqueIdentifier>{74377dc4-ace7-4fc5-8031-9e0f40e7c52e}</UniqueIdentifier>
      <Extensions>ico;cur;bmp;dlg;rc2;rct;bin;rgs;gif;jpg;jpeg;jpe</Extensions>
    </Filter>
  </ItemGroup>
  <ItemGroup>
    <ClCompile Include="MuellerAlpahaPCompensate.cpp">
      <Filter>Source Files</Filter>
    </ClCompile>
    <ClCompile Include="Op8169.cpp">
      <Filter>Source Files</Filter>
    </ClCompile>
    <ClCompile Include="OpR181.cpp">
      <Filter>Source Files</Filter>
    </ClCompile>
    <ClCompile Include="PolControl.cpp">
      <Filter>Source Files</Filter>
    </ClCompile>
    <ClCompile Include="PolDll.cpp">
      <Filter>Source Files</Filter>
    </ClCompile>
    <ClCompile Include="StdAfx.cpp">
      <Filter>Source Files</Filter>
    </ClCompile>
  </ItemGroup>
  <ItemGroup>
    <ClInclude Include="..\include\MuellerAlpahaPCompensate.h">
      <Filter>Header Files</Filter>
    </ClInclude>
    <ClInclude Include="..\include\POC.H">
      <Filter>Header Files</Filter>
    </ClInclude>
    <ClInclude Include="..\include\PolDll.h">
      <Filter>Header Files</Filter>
    </ClInclude>
    <ClInclude Include="StdAfx.h">
      <Filter>Header Files</Filter>
    </ClInclude>
  </ItemGroup>
  <ItemGroup>
    <ResourceCompile Include="PolControl.rc">
      <Filter>Resource Files</Filter>
    </ResourceCompile>
  </ItemGroup>
  <ItemGroup>
    <Text Include="ReadMe.txt" />
    <Text Include="POLControlDllVersionList.txt" />
  </ItemGroup>
</Project>