<?xml version="1.0" encoding="utf-8"?>
<Project ToolsVersion="4.0" xmlns="http://schemas.microsoft.com/developer/msbuild/2003">
  <ItemGroup>
    <Filter Include="Source Files">
      <UniqueIdentifier>{b09cef0b-6223-4432-9375-39850bbfe1b1}</UniqueIdentifier>
      <Extensions>cpp;c;cxx;rc;def;r;odl;idl;hpj;bat</Extensions>
    </Filter>
    <Filter Include="Header Files">
      <UniqueIdentifier>{0548e136-5c18-4b8c-8257-4f8fcfb0e926}</UniqueIdentifier>
      <Extensions>h;hpp;hxx;hm;inl</Extensions>
    </Filter>
    <Filter Include="Resource Files">
      <UniqueIdentifier>{626297e5-13a4-4304-b1ab-5f20e5a4383c}</UniqueIdentifier>
      <Extensions>ico;cur;bmp;dlg;rc2;rct;bin;rgs;gif;jpg;jpeg;jpe</Extensions>
    </Filter>
  </ItemGroup>
  <ItemGroup>
    <ClCompile Include="StdAfx.cpp">
      <Filter>Source Files</Filter>
    </ClCompile>
    <ClCompile Include="SwitchControl.cpp">
      <Filter>Source Files</Filter>
    </ClCompile>
    <ClCompile Include="SwitchDll.cpp">
      <Filter>Source Files</Filter>
    </ClCompile>
    <ClCompile Include="DT08Switch1XN.cpp">
      <Filter>Source Files</Filter>
    </ClCompile>
    <ClCompile Include="DualSwitch1X68.cpp">
      <Filter>Source Files</Filter>
    </ClCompile>
    <ClCompile Include="EDFAGeneralSwith4th.cpp">
      <Filter>Source Files</Filter>
    </ClCompile>
    <ClCompile Include="Switch1X64.cpp">
      <Filter>Source Files</Filter>
    </ClCompile>
    <ClCompile Include="Switch1X2.cpp">
      <Filter>Source Files</Filter>
    </ClCompile>
    <ClCompile Include="ThreeSwitch1X18.cpp">
      <Filter>Source Files</Filter>
    </ClCompile>
    <ClCompile Include="BOLASwitch1XN.cpp">
      <Filter>Source Files</Filter>
    </ClCompile>
  </ItemGroup>
  <ItemGroup>
    <ClInclude Include="resource.h">
      <Filter>Header Files</Filter>
    </ClInclude>
    <ClInclude Include="StdAfx.h">
      <Filter>Header Files</Filter>
    </ClInclude>
    <ClInclude Include="..\include\Switch.h">
      <Filter>Header Files</Filter>
    </ClInclude>
    <ClInclude Include="..\include\SwitchDll.h">
      <Filter>Header Files</Filter>
    </ClInclude>
  </ItemGroup>
  <ItemGroup>
    <ResourceCompile Include="SwitchUDL.rc">
      <Filter>Resource Files</Filter>
    </ResourceCompile>
  </ItemGroup>
  <ItemGroup>
    <Text Include="SwitchControlDllVersionList.txt" />
  </ItemGroup>
</Project>