<?xml version="1.0" encoding="utf-8"?>
<Project ToolsVersion="4.0" xmlns="http://schemas.microsoft.com/developer/msbuild/2003">
  <ItemGroup>
    <Filter Include="Source Files">
      <UniqueIdentifier>{859b63fd-1bfa-44da-a3d4-e2d0fc6acfb5}</UniqueIdentifier>
      <Extensions>cpp;c;cxx;rc;def;r;odl;idl;hpj;bat</Extensions>
    </Filter>
    <Filter Include="Header Files">
      <UniqueIdentifier>{945e372f-f095-4225-9798-96f107bced87}</UniqueIdentifier>
      <Extensions>h;hpp;hxx;hm;inl</Extensions>
    </Filter>
    <Filter Include="Resource Files">
      <UniqueIdentifier>{95e94910-2b3d-4bc2-bd6d-cebd3b45229c}</UniqueIdentifier>
      <Extensions>ico;cur;bmp;dlg;rc2;rct;bin;rgs;gif;jpg;jpeg;jpe</Extensions>
    </Filter>
  </ItemGroup>
  <ItemGroup>
    <ClCompile Include="AlgorithmFunction.cpp">
      <Filter>Source Files</Filter>
    </ClCompile>
    <ClCompile Include="ChamberInterface.cpp">
      <Filter>Source Files</Filter>
    </ClCompile>
    <ClCompile Include="DeviceManger.cpp">
      <Filter>Source Files</Filter>
    </ClCompile>
    <ClCompile Include="EngineMgr.cpp">
      <Filter>Source Files</Filter>
    </ClCompile>
    <ClCompile Include="IComDevInterface.cpp">
      <Filter>Source Files</Filter>
    </ClCompile>
    <ClCompile Include="IOSAInterface.cpp">
      <Filter>Source Files</Filter>
    </ClCompile>
    <ClCompile Include="IPMInterface.cpp">
      <Filter>Source Files</Filter>
    </ClCompile>
    <ClCompile Include="IPolInterface.cpp">
      <Filter>Source Files</Filter>
    </ClCompile>
    <ClCompile Include="ISwitchBoxInterface.cpp">
      <Filter>Source Files</Filter>
    </ClCompile>
    <ClCompile Include="ITLSInterface.cpp">
      <Filter>Source Files</Filter>
    </ClCompile>
    <ClCompile Include="IVOAInterface.cpp">
      <Filter>Source Files</Filter>
    </ClCompile>
    <ClCompile Include="Markup.cpp">
      <Filter>Source Files</Filter>
    </ClCompile>
    <ClCompile Include="ScanInterface.cpp">
      <Filter>Source Files</Filter>
    </ClCompile>
    <ClCompile Include="StdAfx.cpp">
      <Filter>Source Files</Filter>
    </ClCompile>
    <ClCompile Include="UDLServer.cpp">
      <Filter>Source Files</Filter>
    </ClCompile>
  </ItemGroup>
  <ItemGroup>
    <Midl Include="UDLServer.idl">
      <Filter>Source Files</Filter>
    </Midl>
  </ItemGroup>
  <ItemGroup>
    <ResourceCompile Include="UDLServer.rc">
      <Filter>Source Files</Filter>
    </ResourceCompile>
  </ItemGroup>
  <ItemGroup>
    <ClInclude Include="..\include\AlgorithmFunction.h">
      <Filter>Header Files</Filter>
    </ClInclude>
    <ClInclude Include="ChamberInterface.h">
      <Filter>Header Files</Filter>
    </ClInclude>
    <ClInclude Include="DeviceManger.h">
      <Filter>Header Files</Filter>
    </ClInclude>
    <ClInclude Include="EngineMgr.h">
      <Filter>Header Files</Filter>
    </ClInclude>
    <ClInclude Include="..\include\hearder.h">
      <Filter>Header Files</Filter>
    </ClInclude>
    <ClInclude Include="IComDevInterface.h">
      <Filter>Header Files</Filter>
    </ClInclude>
    <ClInclude Include="IOSAInterface.h">
      <Filter>Header Files</Filter>
    </ClInclude>
    <ClInclude Include="IPMInterface.h">
      <Filter>Header Files</Filter>
    </ClInclude>
    <ClInclude Include="IPolInterface.h">
      <Filter>Header Files</Filter>
    </ClInclude>
    <ClInclude Include="ISwitchBoxInterface.h">
      <Filter>Header Files</Filter>
    </ClInclude>
    <ClInclude Include="ITLSInterface.h">
      <Filter>Header Files</Filter>
    </ClInclude>
    <ClInclude Include="IVOAInterface.h">
      <Filter>Header Files</Filter>
    </ClInclude>
    <ClInclude Include="Markup.h">
      <Filter>Header Files</Filter>
    </ClInclude>
    <ClInclude Include="..\PMUDL\PMControlDll.h">
      <Filter>Header Files</Filter>
    </ClInclude>
    <ClInclude Include="Resource.h">
      <Filter>Header Files</Filter>
    </ClInclude>
    <ClInclude Include="ScanInterface.h">
      <Filter>Header Files</Filter>
    </ClInclude>
    <ClInclude Include="StdAfx.h">
      <Filter>Header Files</Filter>
    </ClInclude>
    <ClInclude Include="UDLServerCP.h">
      <Filter>Header Files</Filter>
    </ClInclude>
  </ItemGroup>
  <ItemGroup>
    <CustomBuild Include="UDLServer.def">
      <Filter>Source Files</Filter>
    </CustomBuild>
    <CustomBuild Include="ChamberInterface.rgs">
      <Filter>Resource Files</Filter>
    </CustomBuild>
    <CustomBuild Include="CIPolInterface.rgs">
      <Filter>Resource Files</Filter>
    </CustomBuild>
    <CustomBuild Include="EngineMgr.rgs">
      <Filter>Resource Files</Filter>
    </CustomBuild>
    <CustomBuild Include="EnginePtr.rgs">
      <Filter>Resource Files</Filter>
    </CustomBuild>
    <CustomBuild Include="IComDevInterface.rgs">
      <Filter>Resource Files</Filter>
    </CustomBuild>
    <CustomBuild Include="IOSAInterface.rgs">
      <Filter>Resource Files</Filter>
    </CustomBuild>
    <CustomBuild Include="IPMInterface.rgs">
      <Filter>Resource Files</Filter>
    </CustomBuild>
    <CustomBuild Include="IPolInterface.rgs">
      <Filter>Resource Files</Filter>
    </CustomBuild>
    <CustomBuild Include="ISwitchBoxInterface.rgs">
      <Filter>Resource Files</Filter>
    </CustomBuild>
    <CustomBuild Include="ITLSInterface.rgs">
      <Filter>Resource Files</Filter>
    </CustomBuild>
    <CustomBuild Include="IVOAInterface.rgs">
      <Filter>Resource Files</Filter>
    </CustomBuild>
    <CustomBuild Include="ScanInterface.rgs">
      <Filter>Resource Files</Filter>
    </CustomBuild>
  </ItemGroup>
  <ItemGroup>
    <Text Include="UDLVersionListVersionList.txt" />
  </ItemGroup>
</Project>