<?xml version="1.0" encoding="utf-8"?>
<Project ToolsVersion="4.0" xmlns="http://schemas.microsoft.com/developer/msbuild/2003">
  <ItemGroup>
    <Filter Include="Source Files">
      <UniqueIdentifier>{4b2f874b-8a15-49de-9539-5c5d4c34f136}</UniqueIdentifier>
      <Extensions>cpp;c;cxx;rc;def;r;odl;idl;hpj;bat</Extensions>
    </Filter>
    <Filter Include="Header Files">
      <UniqueIdentifier>{4b73b9ce-f7da-4fda-b330-a1a0f46dad3f}</UniqueIdentifier>
      <Extensions>h;hpp;hxx;hm;inl</Extensions>
    </Filter>
    <Filter Include="Resource Files">
      <UniqueIdentifier>{4d86ca32-3537-4f57-b1da-ce48e69b73cf}</UniqueIdentifier>
      <Extensions>ico;cur;bmp;dlg;rc2;rct;bin;rgs;gif;jpg;jpeg;jpe</Extensions>
    </Filter>
  </ItemGroup>
  <ItemGroup>
    <ClCompile Include="AQ2140.cpp">
      <Filter>Source Files</Filter>
    </ClCompile>
    <ClCompile Include="AQ2200_215.cpp">
      <Filter>Source Files</Filter>
    </ClCompile>
    <ClCompile Include="N7745PM.cpp">
      <Filter>Source Files</Filter>
    </ClCompile>
    <ClCompile Include="Op8153A.cpp">
      <Filter>Source Files</Filter>
    </ClCompile>
    <ClCompile Include="Op8163A.cpp">
      <Filter>Source Files</Filter>
    </ClCompile>
    <ClCompile Include="Oplink1830C.cpp">
      <Filter>Source Files</Filter>
    </ClCompile>
    <ClCompile Include="OplinkPM.cpp">
      <Filter>Source Files</Filter>
    </ClCompile>
    <ClCompile Include="PM1830C.cpp">
      <Filter>Source Files</Filter>
    </ClCompile>
    <ClCompile Include="PMControl.cpp">
      <Filter>Source Files</Filter>
    </ClCompile>
    <ClCompile Include="PMControlDll.cpp">
      <Filter>Source Files</Filter>
    </ClCompile>
    <ClCompile Include="PMJH.cpp">
      <Filter>Source Files</Filter>
    </ClCompile>
    <ClCompile Include="StdAfx.cpp">
      <Filter>Source Files</Filter>
    </ClCompile>
  </ItemGroup>
  <ItemGroup>
    <ClInclude Include="..\include\PM.h">
      <Filter>Header Files</Filter>
    </ClInclude>
    <ClInclude Include="..\include\PMControlDll.h">
      <Filter>Header Files</Filter>
    </ClInclude>
    <ClInclude Include="StdAfx.h">
      <Filter>Header Files</Filter>
    </ClInclude>
  </ItemGroup>
  <ItemGroup>
    <ResourceCompile Include="PMUDL.rc">
      <Filter>Resource Files</Filter>
    </ResourceCompile>
  </ItemGroup>
  <ItemGroup>
    <Text Include="ReadMe.txt" />
    <Text Include="PMControlDllVersionList.txt" />
  </ItemGroup>
</Project>